
Microsoft Visual Studio Solution File, Format Version 12.00
# Visual Studio Version 16
VisualStudioVersion = 16.0.30011.22
MinimumVisualStudioVersion = 10.0.40219.1
Project("{9A19103F-16F7-4668-BE54-9A1E7A4F7556}") = "SmitsPieShopHRM.server", "SmitsPieShopHRM.server\SmitsPieShopHRM.server.csproj", "{C71B89AE-221B-4400-92C1-A4D3435EC317}"
EndProject
Project("{9A19103F-16F7-4668-BE54-9A1E7A4F7556}") = "SmitsPieShopHRM.Shared", "SmitsPieShopHRM.Shared\SmitsPieShopHRM.Shared.csproj", "{0E5C2069-757E-45C9-B5F6-D1C04073E03A}"
EndProject
Project("{9A19103F-16F7-4668-BE54-9A1E7A4F7556}") = "SmitsPieShopHRM.Api", "SmitsPieShopHRM.Api\SmitsPieShopHRM.Api.csproj", "{18810D99-4C24-4DBE-916B-98F498CD1C1B}"
EndProject
Project("{9A19103F-16F7-4668-BE54-9A1E7A4F7556}") = "SmitsPieShopHRM.ComponentsLibrary", "SmitsPieShopHRM.ComponentsLibrary\SmitsPieShopHRM.ComponentsLibrary.csproj", "{996C1E38-35D2-41C2-A277-F32854A573D2}"
EndProject
Global
	GlobalSection(SolutionConfigurationPlatforms) = preSolution
		Debug|Any CPU = Debug|Any CPU
		Release|Any CPU = Release|Any CPU
	EndGlobalSection
	GlobalSection(ProjectConfigurationPlatforms) = postSolution
		{C71B89AE-221B-4400-92C1-A4D3435EC317}.Debug|Any CPU.ActiveCfg = Debug|Any CPU
		{C71B89AE-221B-4400-92C1-A4D3435EC317}.Debug|Any CPU.Build.0 = Debug|Any CPU
		{C71B89AE-221B-4400-92C1-A4D3435EC317}.Release|Any CPU.ActiveCfg = Release|Any CPU
		{C71B89AE-221B-4400-92C1-A4D3435EC317}.Release|Any CPU.Build.0 = Release|Any CPU
		{0E5C2069-757E-45C9-B5F6-D1C04073E03A}.Debug|Any CPU.ActiveCfg = Debug|Any CPU
		{0E5C2069-757E-45C9-B5F6-D1C04073E03A}.Debug|Any CPU.Build.0 = Debug|Any CPU
		{0E5C2069-757E-45C9-B5F6-D1C04073E03A}.Release|Any CPU.ActiveCfg = Release|Any CPU
		{0E5C2069-757E-45C9-B5F6-D1C04073E03A}.Release|Any CPU.Build.0 = Release|Any CPU
		{18810D99-4C24-4DBE-916B-98F498CD1C1B}.Debug|Any CPU.ActiveCfg = Debug|Any CPU
		{18810D99-4C24-4DBE-916B-98F498CD1C1B}.Debug|Any CPU.Build.0 = Debug|Any CPU
		{18810D99-4C24-4DBE-916B-98F498CD1C1B}.Release|Any CPU.ActiveCfg = Release|Any CPU
		{18810D99-4C24-4DBE-916B-98F498CD1C1B}.Release|Any CPU.Build.0 = Release|Any CPU
		{996C1E38-35D2-41C2-A277-F32854A573D2}.Debug|Any CPU.ActiveCfg = Debug|Any CPU
		{996C1E38-35D2-41C2-A277-F32854A573D2}.Debug|Any CPU.Build.0 = Debug|Any CPU
		{996C1E38-35D2-41C2-A277-F32854A573D2}.Release|Any CPU.ActiveCfg = Release|Any CPU
		{996C1E38-35D2-41C2-A277-F32854A573D2}.Release|Any CPU.Build.0 = Release|Any CPU
	EndGlobalSection
	GlobalSection(SolutionProperties) = preSolution
		HideSolutionNode = FALSE
	EndGlobalSection
	GlobalSection(ExtensibilityGlobals) = postSolution
		SolutionGuid = {2BC6C1CC-1839-4BE7-BD28-DC9C51D89CD7}
	EndGlobalSection
EndGlobal
